
Microsoft Visual Studio Solution File, Format Version 12.00
# Visual Studio Version 17
VisualStudioVersion = 17.2.32602.215
MinimumVisualStudioVersion = 10.0.40219.1
Project("{FAE04EC0-301F-11D3-BF4B-00C04F79EFBC}") = "Sigrity", "Sigrity\Sigrity.csproj", "{7461A8E2-59B4-47FD-9D60-905F55667F39}"
EndProject
Global
	GlobalSection(SolutionConfigurationPlatforms) = preSolution
		Debug|Any CPU = Debug|Any CPU
		Release|Any CPU = Release|Any CPU
	EndGlobalSection
	GlobalSection(ProjectConfigurationPlatforms) = postSolution
		{7461A8E2-59B4-47FD-9D60-905F55667F39}.Debug|Any CPU.ActiveCfg = Debug|Any CPU
		{7461A8E2-59B4-47FD-9D60-905F55667F39}.Debug|Any CPU.Build.0 = Debug|Any CPU
		{7461A8E2-59B4-47FD-9D60-905F55667F39}.Release|Any CPU.ActiveCfg = Release|Any CPU
		{7461A8E2-59B4-47FD-9D60-905F55667F39}.Release|Any CPU.Build.0 = Release|Any CPU
	EndGlobalSection
	GlobalSection(SolutionProperties) = preSolution
		HideSolutionNode = FALSE
	EndGlobalSection
	GlobalSection(ExtensibilityGlobals) = postSolution
		SolutionGuid = {72E1C6C4-7839-4C37-95F8-91E1167D1194}
	EndGlobalSection
EndGlobal
